# This file is automatically @generated by Cargo.
# It is not intended for manual editing.
version = 3

[[package]]
name = "anyhow"
version = "1.0.68"
source = "registry+https://github.com/rust-lang/crates.io-index"
checksum = "2cb2f989d18dd141ab8ae82f64d1a8cdd37e0840f73a406896cf5e99502fab61"

[[package]]
name = "byteorder"
version = "1.4.3"
source = "registry+https://github.com/rust-lang/crates.io-index"
checksum = "14c189c53d098945499cdfa7ecc63567cf3886b3332b312a5b4585d8d3a6a610"

[[package]]
name = "leb128"
version = "0.2.5"
source = "registry+https://github.com/rust-lang/crates.io-index"
checksum = "884e2677b40cc8c339eaefcb701c32ef1fd2493d71118dc0ca4b6a736c93bd67"

[[package]]
name = "memchr"
version = "2.5.0"
source = "registry+https://github.com/rust-lang/crates.io-index"
checksum = "2dffe52ecf27772e601905b7522cb4ef790d2cc203488bbd0e2fe85fcb74566d"

[[package]]
name = "unicode-width"
version = "0.1.10"
source = "registry+https://github.com/rust-lang/crates.io-index"
checksum = "c0edd1e5b14653f783770bce4a4dabb4a5108a5370a5f5d8cfe8710c361f6c8b"

[[package]]
name = "wasm-encoder"
version = "0.25.0"
source = "registry+https://github.com/rust-lang/crates.io-index"
checksum = "4eff853c4f09eec94d76af527eddad4e9de13b11d6286a1ef7134bc30135a2b7"
dependencies = [
 "leb128",
]

[[package]]
name = "wasm-runtime"
version = "0.1.0"
dependencies = [
 "anyhow",
 "byteorder",
 "wast",
]

[[package]]
name = "wast"
version = "55.0.0"
source = "registry+https://github.com/rust-lang/crates.io-index"
checksum = "4984d3e1406571f4930ba5cf79bd70f75f41d0e87e17506e0bd19b0e5d085f05"
dependencies = [
 "leb128",
 "memchr",
 "unicode-width",
 "wasm-encoder",
]
